
Microsoft Visual Studio Solution File, Format Version 12.00
# Visual Studio Version 17
VisualStudioVersion = 17.10.35027.167
MinimumVisualStudioVersion = 10.0.40219.1
Project("{8BC9CEB8-8B4A-11D0-8D11-00A0C91BC942}") = "file-size-tool", "file-size-tool\file-size-tool.vcxproj", "{279274FA-90DE-4135-A439-2AA43B4EBD0A}"
EndProject
Project("{2150E333-8FDC-42A3-9474-1A3956D46DE8}") = "Solution Items", "Solution Items", "{17BB5D4C-BDA6-4006-97B6-D4E721171976}"
	ProjectSection(SolutionItems) = preProject
		README.md = README.md
		screenshot.PNG = screenshot.PNG
	EndProjectSection
EndProject
Global
	GlobalSection(SolutionConfigurationPlatforms) = preSolution
		Debug|x64 = Debug|x64
		Debug|x86 = Debug|x86
		Release|x64 = Release|x64
		Release|x86 = Release|x86
	EndGlobalSection
	GlobalSection(ProjectConfigurationPlatforms) = postSolution
		{279274FA-90DE-4135-A439-2AA43B4EBD0A}.Debug|x64.ActiveCfg = Debug|x64
		{279274FA-90DE-4135-A439-2AA43B4EBD0A}.Debug|x64.Build.0 = Debug|x64
		{279274FA-90DE-4135-A439-2AA43B4EBD0A}.Debug|x86.ActiveCfg = Debug|Win32
		{279274FA-90DE-4135-A439-2AA43B4EBD0A}.Debug|x86.Build.0 = Debug|Win32
		{279274FA-90DE-4135-A439-2AA43B4EBD0A}.Release|x64.ActiveCfg = Release|x64
		{279274FA-90DE-4135-A439-2AA43B4EBD0A}.Release|x64.Build.0 = Release|x64
		{279274FA-90DE-4135-A439-2AA43B4EBD0A}.Release|x86.ActiveCfg = Release|Win32
		{279274FA-90DE-4135-A439-2AA43B4EBD0A}.Release|x86.Build.0 = Release|Win32
	EndGlobalSection
	GlobalSection(SolutionProperties) = preSolution
		HideSolutionNode = FALSE
	EndGlobalSection
	GlobalSection(ExtensibilityGlobals) = postSolution
		SolutionGuid = {D4FCE81A-A1D8-41AD-A38D-E7DCD758390B}
	EndGlobalSection
EndGlobal
